// !$*UTF8*$!
{
	archiveVersion = 1;
	classes = {
	};
	objectVersion = 46;
	objects = {

/* Begin PBXBuildFile section */
		79507D841E07E95D0010008E /* AppDelegate.swift in Sources */ = {isa = PBXBuildFile; fileRef = 79507D831E07E95D0010008E /* AppDelegate.swift */; };
		79507D861E07E95D0010008E /* ViewController.swift in Sources */ = {isa = PBXBuildFile; fileRef = 79507D851E07E95D0010008E /* ViewController.swift */; };
		79507D891E07E95D0010008E /* Main.storyboard in Resources */ = {isa = PBXBuildFile; fileRef = 79507D871E07E95D0010008E /* Main.storyboard */; };
		79507D8B1E07E95D0010008E /* Assets.xcassets in Resources */ = {isa = PBXBuildFile; fileRef = 79507D8A1E07E95D0010008E /* Assets.xcassets */; };
		79507D8E1E07E95D0010008E /* LaunchScreen.storyboard in Resources */ = {isa = PBXBuildFile; fileRef = 79507D8C1E07E95D0010008E /* LaunchScreen.storyboard */; };
		79507D961E07F6450010008E /* ProductTableCell.swift in Sources */ = {isa = PBXBuildFile; fileRef = 79507D951E07F6450010008E /* ProductTableCell.swift */; };
/* End PBXBuildFile section */

/* Begin PBXFileReference section */
		79507D801E07E95D0010008E /* SportsStore.app */ = {isa = PBXFileReference; explicitFileType = wrapper.application; includeInIndex = 0; path = SportsStore.app; sourceTree = BUILT_PRODUCTS_DIR; };
		79507D831E07E95D0010008E /* AppDelegate.swift */ = {isa = PBXFileReference; lastKnownFileType = sourcecode.swift; path = AppDelegate.swift; sourceTree = "<group>"; };
		79507D851E07E95D0010008E /* ViewController.swift */ = {isa = PBXFileReference; lastKnownFileType = sourcecode.swift; path = ViewController.swift; sourceTree = "<group>"; };
		79507D881E07E95D0010008E /* Base */ = {isa = PBXFileReference; lastKnownFileType = file.storyboard; name = Base; path = Base.lproj/Main.storyboard; sourceTree = "<group>"; };
		79507D8A1E07E95D0010008E /* Assets.xcassets */ = {isa = PBXFileReference; lastKnownFileType = folder.assetcatalog; path = Assets.xcassets; sourceTree = "<group>"; };
		79507D8D1E07E95D0010008E /* Base */ = {isa = PBXFileReference; lastKnownFileType = file.storyboard; name = Base; path = Base.lproj/LaunchScreen.storyboard; sourceTree = "<group>"; };
		79507D8F1E07E95D0010008E /* Info.plist */ = {isa = PBXFileReference; lastKnownFileType = text.plist.xml; path = Info.plist; sourceTree = "<group>"; };
		79507D951E07F6450010008E /* ProductTableCell.swift */ = {isa = PBXFileReference; fileEncoding = 4; lastKnownFileType = sourcecode.swift; path = ProductTableCell.swift; sourceTree = "<group>"; };
/* End PBXFileReference section */

/* Begin PBXFrameworksBuildPhase section */
		79507D7D1E07E95D0010008E /* Frameworks */ = {
			isa = PBXFrameworksBuildPhase;
			buildActionMask = 2147483647;
			files = (
			);
			runOnlyForDeploymentPostprocessing = 0;
		};
/* End PBXFrameworksBuildPhase section */

/* Begin PBXGroup section */
		79507D771E07E95D0010008E = {
			isa = PBXGroup;
			children = (
				79507D821E07E95D0010008E /* SportsStore */,
				79507D811E07E95D0010008E /* Products */,
			);
			sourceTree = "<group>";
		};
		79507D811E07E95D0010008E /* Products */ = {
			isa = PBXGroup;
			children = (
				79507D801E07E95D0010008E /* SportsStore.app */,
			);
			name = Products;
			sourceTree = "<group>";
		};
		79507D821E07E95D0010008E /* SportsStore */ = {
			isa = PBXGroup;
			children = (
				79507D831E07E95D0010008E /* AppDelegate.swift */,
				79507D851E07E95D0010008E /* ViewController.swift */,
				79507D951E07F6450010008E /* ProductTableCell.swift */,
				79507D871E07E95D0010008E /* Main.storyboard */,
				79507D8A1E07E95D0010008E /* Assets.xcassets */,
				79507D8C1E07E95D0010008E /* LaunchScreen.storyboard */,
				79507D8F1E07E95D0010008E /* Info.plist */,
			);
			path = SportsStore;
			sourceTree = "<group>";
		};
/* End PBXGroup section */

/* Begin PBXNativeTarget section */
		79507D7F1E07E95D0010008E /* SportsStore */ = {
			isa = PBXNativeTarget;
			buildConfigurationList = 79507D921E07E95D0010008E /* Build configuration list for PBXNativeTarget "SportsStore" */;
			buildPhases = (
				79507D7C1E07E95D0010008E /* Sources */,
				79507D7D1E07E95D0010008E /* Frameworks */,
				79507D7E1E07E95D0010008E /* Resources */,
			);
			buildRules = (
			);
			dependencies = (
			);
			name = SportsStore;
			productName = SportsStore;
			productReference = 79507D801E07E95D0010008E /* SportsStore.app */;
			productType = "com.apple.product-type.application";
		};
/* End PBXNativeTarget section */

/* Begin PBXProject section */
		79507D781E07E95D0010008E /* Project object */ = {
			isa = PBXProject;
			attributes = {
				LastSwiftUpdateCheck = 0810;
				LastUpgradeCheck = 0810;
				ORGANIZATIONNAME = com.borderXLab;
				TargetAttributes = {
					79507D7F1E07E95D0010008E = {
						CreatedOnToolsVersion = 8.1;
						DevelopmentTeam = 5W8743PRFN;
						ProvisioningStyle = Automatic;
					};
				};
			};
			buildConfigurationList = 79507D7B1E07E95D0010008E /* Build configuration list for PBXProject "SportsStore" */;
			compatibilityVersion = "Xcode 3.2";
			developmentRegion = English;
			hasScannedForEncodings = 0;
			knownRegions = (
				en,
				Base,
			);
			mainGroup = 79507D771E07E95D0010008E;
			productRefGroup = 79507D811E07E95D0010008E /* Products */;
			projectDirPath = "";
			projectRoot = "";
			targets = (
				79507D7F1E07E95D0010008E /* SportsStore */,
			);
		};
/* End PBXProject section */

/* Begin PBXResourcesBuildPhase section */
		79507D7E1E07E95D0010008E /* Resources */ = {
			isa = PBXResourcesBuildPhase;
			buildActionMask = 2147483647;
			files = (
				79507D8E1E07E95D0010008E /* LaunchScreen.storyboard in Resources */,
				79507D8B1E07E95D0010008E /* Assets.xcassets in Resources */,
				79507D891E07E95D0010008E /* Main.storyboard in Resources */,
			);
			runOnlyForDeploymentPostprocessing = 0;
		};
/* End PBXResourcesBuildPhase section */

/* Begin PBXSourcesBuildPhase section */
		79507D7C1E07E95D0010008E /* Sources */ = {
			isa = PBXSourcesBuildPhase;
			buildActionMask = 2147483647;
			files = (
				79507D961E07F6450010008E /* ProductTableCell.swift in Sources */,
				79507D861E07E95D0010008E /* ViewController.swift in Sources */,
				79507D841E07E95D0010008E /* AppDelegate.swift in Sources */,
			);
			runOnlyForDeploymentPostprocessing = 0;
		};
/* End PBXSourcesBuildPhase section */

/* Begin PBXVariantGroup section */
		79507D871E07E95D0010008E /* Main.storyboard */ = {
			isa = PBXVariantGroup;
			children = (
				79507D881E07E95D0010008E /* Base */,
			);
			name = Main.storyboard;
			sourceTree = "<group>";
		};
		79507D8C1E07E95D0010008E /* LaunchScreen.storyboard */ = {
			isa = PBXVariantGroup;
			children = (
				79507D8D1E07E95D0010008E /* Base */,
			);
			name = LaunchScreen.storyboard;
			sourceTree = "<group>";
		};
/* End PBXVariantGroup section */

/* Begin XCBuildConfiguration section */
		79507D901E07E95D0010008E /* Debug */ = {
			isa = XCBuildConfiguration;
			buildSettings = {
				ALWAYS_SEARCH_USER_PATHS = NO;
				CLANG_ANALYZER_NONNULL = YES;
				CLANG_CXX_LANGUAGE_STANDARD = "gnu++0x";
				CLANG_CXX_LIBRARY = "libc++";
				CLANG_ENABLE_MODULES = YES;
				CLANG_ENABLE_OBJC_ARC = YES;
				CLANG_WARN_BOOL_CONVERSION = YES;
				CLANG_WARN_CONSTANT_CONVERSION = YES;
				CLANG_WARN_DIRECT_OBJC_ISA_USAGE = YES_ERROR;
				CLANG_WARN_DOCUMENTATION_COMMENTS = YES;
				CLANG_WARN_EMPTY_BODY = YES;
				CLANG_WARN_ENUM_CONVERSION = YES;
				CLANG_WARN_INFINITE_RECURSION = YES;
				CLANG_WARN_INT_CONVERSION = YES;
				CLANG_WARN_OBJC_ROOT_CLASS = YES_ERROR;
				CLANG_WARN_SUSPICIOUS_MOVES = YES;
				CLANG_WARN_UNREACHABLE_CODE = YES;
				CLANG_WARN__DUPLICATE_METHOD_MATCH = YES;
				"CODE_SIGN_IDENTITY[sdk=iphoneos*]" = "iPhone Developer";
				COPY_PHASE_STRIP = NO;
				DEBUG_INFORMATION_FORMAT = dwarf;
				ENABLE_STRICT_OBJC_MSGSEND = YES;
				ENABLE_TESTABILITY = YES;
				GCC_C_LANGUAGE_STANDARD = gnu99;
				GCC_DYNAMIC_NO_PIC = NO;
				GCC_NO_COMMON_BLOCKS = YES;
				GCC_OPTIMIZATION_LEVEL = 0;
				GCC_PREPROCESSOR_DEFINITIONS = (
					"DEBUG=1",
					"$(inherited)",
				);
				GCC_WARN_64_TO_32_BIT_CONVERSION = YES;
				GCC_WARN_ABOUT_RETURN_TYPE = YES_ERROR;
				GCC_WARN_UNDECLARED_SELECTOR = YES;
				GCC_WARN_UNINITIALIZED_AUTOS = YES_AGGRESSIVE;
				GCC_WARN_UNUSED_FUNCTION = YES;
				GCC_WARN_UNUSED_VARIABLE = YES;
				IPHONEOS_DEPLOYMENT_TARGET = 10.1;
				MTL_ENABLE_DEBUG_INFO = YES;
				ONLY_ACTIVE_ARCH = YES;
				SDKROOT = iphoneos;
				SWIFT_ACTIVE_COMPILATION_CONDITIONS = DEBUG;
				SWIFT_OPTIMIZATION_LEVEL = "-Onone";
				TARGETED_DEVICE_FAMILY = "1,2";
			};
			name = Debug;
		};
		79507D911E07E95D0010008E /* Release */ = {
			isa = XCBuildConfiguration;
			buildSettings = {
				ALWAYS_SEARCH_USER_PATHS = NO;
				CLANG_ANALYZER_NONNULL = YES;
				CLANG_CXX_LANGUAGE_STANDARD = "gnu++0x";
				CLANG_CXX_LIBRARY = "libc++";
				CLANG_ENABLE_MODULES = YES;
				CLANG_ENABLE_OBJC_ARC = YES;
				CLANG_WARN_BOOL_CONVERSION = YES;
				CLANG_WARN_CONSTANT_CONVERSION = YES;
				CLANG_WARN_DIRECT_OBJC_ISA_USAGE = YES_ERROR;
				CLANG_WARN_DOCUMENTATION_COMMENTS = YES;
				CLANG_WARN_EMPTY_BODY = YES;
				CLANG_WARN_ENUM_CONVERSION = YES;
				CLANG_WARN_INFINITE_RECURSION = YES;
				CLANG_WARN_INT_CONVERSION = YES;
				CLANG_WARN_OBJC_ROOT_CLASS = YES_ERROR;
				CLANG_WARN_SUSPICIOUS_MOVES = YES;
				CLANG_WARN_UNREACHABLE_CODE = YES;
				CLANG_WARN__DUPLICATE_METHOD_MATCH = YES;
				"CODE_SIGN_IDENTITY[sdk=iphoneos*]" = "iPhone Developer";
				COPY_PHASE_STRIP = NO;
				DEBUG_INFORMATION_FORMAT = "dwarf-with-dsym";
				ENABLE_NS_ASSERTIONS = NO;
				ENABLE_STRICT_OBJC_MSGSEND = YES;
				GCC_C_LANGUAGE_STANDARD = gnu99;
				GCC_NO_COMMON_BLOCKS = YES;
				GCC_WARN_64_TO_32_BIT_CONVERSION = YES;
				GCC_WARN_ABOUT_RETURN_TYPE = YES_ERROR;
				GCC_WARN_UNDECLARED_SELECTOR = YES;
				GCC_WARN_UNINITIALIZED_AUTOS = YES_AGGRESSIVE;
				GCC_WARN_UNUSED_FUNCTION = YES;
				GCC_WARN_UNUSED_VARIABLE = YES;
				IPHONEOS_DEPLOYMENT_TARGET = 10.1;
				MTL_ENABLE_DEBUG_INFO = NO;
				SDKROOT = iphoneos;
				SWIFT_OPTIMIZATION_LEVEL = "-Owholemodule";
				TARGETED_DEVICE_FAMILY = "1,2";
				VALIDATE_PRODUCT = YES;
			};
			name = Release;
		};
		79507D931E07E95D0010008E /* Debug */ = {
			isa = XCBuildConfiguration;
			buildSettings = {
				ASSETCATALOG_COMPILER_APPICON_NAME = AppIcon;
				DEVELOPMENT_TEAM = 5W8743PRFN;
				INFOPLIST_FILE = SportsStore/Info.plist;
				IPHONEOS_DEPLOYMENT_TARGET = 8.0;
				LD_RUNPATH_SEARCH_PATHS = "$(inherited) @executable_path/Frameworks";
				PRODUCT_BUNDLE_IDENTIFIER = com.borderXLab.SportsStore;
				PRODUCT_NAME = "$(TARGET_NAME)";
				SWIFT_VERSION = 3.0;
				TARGETED_DEVICE_FAMILY = 2;
			};
			name = Debug;
		};
		79507D941E07E95D0010008E /* Release */ = {
			isa = XCBuildConfiguration;
			buildSettings = {
				ASSETCATALOG_COMPILER_APPICON_NAME = AppIcon;
				DEVELOPMENT_TEAM = 5W8743PRFN;
				INFOPLIST_FILE = SportsStore/Info.plist;
				IPHONEOS_DEPLOYMENT_TARGET = 8.0;
				LD_RUNPATH_SEARCH_PATHS = "$(inherited) @executable_path/Frameworks";
				PRODUCT_BUNDLE_IDENTIFIER = com.borderXLab.SportsStore;
				PRODUCT_NAME = "$(TARGET_NAME)";
				SWIFT_VERSION = 3.0;
				TARGETED_DEVICE_FAMILY = 2;
			};
			name = Release;
		};
/* End XCBuildConfiguration section */

/* Begin XCConfigurationList section */
		79507D7B1E07E95D0010008E /* Build configuration list for PBXProject "SportsStore" */ = {
			isa = XCConfigurationList;
			buildConfigurations = (
				79507D901E07E95D0010008E /* Debug */,
				79507D911E07E95D0010008E /* Release */,
			);
			defaultConfigurationIsVisible = 0;
			defaultConfigurationName = Release;
		};
		79507D921E07E95D0010008E /* Build configuration list for PBXNativeTarget "SportsStore" */ = {
			isa = XCConfigurationList;
			buildConfigurations = (
				79507D931E07E95D0010008E /* Debug */,
				79507D941E07E95D0010008E /* Release */,
			);
			defaultConfigurationIsVisible = 0;
		};
/* End XCConfigurationList section */
	};
	rootObject = 79507D781E07E95D0010008E /* Project object */;
}
